
Microsoft Visual Studio Solution File, Format Version 12.00
# Visual Studio Version 17
VisualStudioVersion = 17.14.36915.13 d17.14
MinimumVisualStudioVersion = 10.0.40219.1
Project("{FAE04EC0-301F-11D3-BF4B-00C04F79EFBC}") = "API_proj", "API_proj.csproj", "{1D448D21-6622-4555-B5EB-565AE0BF7F13}"
EndProject
Project("{FAE04EC0-301F-11D3-BF4B-00C04F79EFBC}") = "API_proj_API.Test", "..\API_proj_API.Test\API_proj_API.Test.csproj", "{70E9DD50-0ADC-4ACC-BC81-EE9C87515692}"
EndProject
Global
	GlobalSection(SolutionConfigurationPlatforms) = preSolution
		Debug|Any CPU = Debug|Any CPU
		Release|Any CPU = Release|Any CPU
	EndGlobalSection
	GlobalSection(ProjectConfigurationPlatforms) = postSolution
		{1D448D21-6622-4555-B5EB-565AE0BF7F13}.Debug|Any CPU.ActiveCfg = Debug|Any CPU
		{1D448D21-6622-4555-B5EB-565AE0BF7F13}.Debug|Any CPU.Build.0 = Debug|Any CPU
		{1D448D21-6622-4555-B5EB-565AE0BF7F13}.Release|Any CPU.ActiveCfg = Release|Any CPU
		{1D448D21-6622-4555-B5EB-565AE0BF7F13}.Release|Any CPU.Build.0 = Release|Any CPU
		{70E9DD50-0ADC-4ACC-BC81-EE9C87515692}.Debug|Any CPU.ActiveCfg = Debug|Any CPU
		{70E9DD50-0ADC-4ACC-BC81-EE9C87515692}.Debug|Any CPU.Build.0 = Debug|Any CPU
		{70E9DD50-0ADC-4ACC-BC81-EE9C87515692}.Release|Any CPU.ActiveCfg = Release|Any CPU
		{70E9DD50-0ADC-4ACC-BC81-EE9C87515692}.Release|Any CPU.Build.0 = Release|Any CPU
	EndGlobalSection
	GlobalSection(SolutionProperties) = preSolution
		HideSolutionNode = FALSE
	EndGlobalSection
	GlobalSection(ExtensibilityGlobals) = postSolution
		SolutionGuid = {13C94D4B-C913-41AB-AA52-E5D874DAB6A2}
	EndGlobalSection
EndGlobal
